
Microsoft Visual Studio Solution File, Format Version 12.00
# Visual Studio Version 16
VisualStudioVersion = 16.0.30907.101
MinimumVisualStudioVersion = 10.0.40219.1
Project("{9A19103F-16F7-4668-BE54-9A1E7A4F7556}") = "MISA.CukCuk.API", "MISA.CukCuk.API\MISA.CukCuk.API.csproj", "{707B0A3B-52D6-426F-906D-18C9044FB0DD}"
EndProject
Project("{FAE04EC0-301F-11D3-BF4B-00C04F79EFBC}") = "MISA.ApplicationCore", "MISA.ApplicationCore\MISA.ApplicationCore.csproj", "{E1C25AEB-F0D9-45A8-AB4A-CFF498609485}"
EndProject
Project("{FAE04EC0-301F-11D3-BF4B-00C04F79EFBC}") = "MISA.Infrastructure", "MISA.Infrastructure\MISA.Infrastructure.csproj", "{027D5CE9-E026-49BD-B6C9-FF62BD03CE4C}"
EndProject
Global
	GlobalSection(SolutionConfigurationPlatforms) = preSolution
		Debug|Any CPU = Debug|Any CPU
		Release|Any CPU = Release|Any CPU
	EndGlobalSection
	GlobalSection(ProjectConfigurationPlatforms) = postSolution
		{707B0A3B-52D6-426F-906D-18C9044FB0DD}.Debug|Any CPU.ActiveCfg = Debug|Any CPU
		{707B0A3B-52D6-426F-906D-18C9044FB0DD}.Debug|Any CPU.Build.0 = Debug|Any CPU
		{707B0A3B-52D6-426F-906D-18C9044FB0DD}.Release|Any CPU.ActiveCfg = Release|Any CPU
		{707B0A3B-52D6-426F-906D-18C9044FB0DD}.Release|Any CPU.Build.0 = Release|Any CPU
		{E1C25AEB-F0D9-45A8-AB4A-CFF498609485}.Debug|Any CPU.ActiveCfg = Debug|Any CPU
		{E1C25AEB-F0D9-45A8-AB4A-CFF498609485}.Debug|Any CPU.Build.0 = Debug|Any CPU
		{E1C25AEB-F0D9-45A8-AB4A-CFF498609485}.Release|Any CPU.ActiveCfg = Release|Any CPU
		{E1C25AEB-F0D9-45A8-AB4A-CFF498609485}.Release|Any CPU.Build.0 = Release|Any CPU
		{027D5CE9-E026-49BD-B6C9-FF62BD03CE4C}.Debug|Any CPU.ActiveCfg = Debug|Any CPU
		{027D5CE9-E026-49BD-B6C9-FF62BD03CE4C}.Debug|Any CPU.Build.0 = Debug|Any CPU
		{027D5CE9-E026-49BD-B6C9-FF62BD03CE4C}.Release|Any CPU.ActiveCfg = Release|Any CPU
		{027D5CE9-E026-49BD-B6C9-FF62BD03CE4C}.Release|Any CPU.Build.0 = Release|Any CPU
	EndGlobalSection
	GlobalSection(SolutionProperties) = preSolution
		HideSolutionNode = FALSE
	EndGlobalSection
	GlobalSection(ExtensibilityGlobals) = postSolution
		SolutionGuid = {DB7275CA-EC1C-4986-AE3D-0F6019389456}
	EndGlobalSection
EndGlobal
